{
  "name": "vue-gl-firstpersoncamera",
  "version": "1.0.0",
  "lockfileVersion": 1,
  "requires": true,
  "dependencies": {
    "lodash-es": {
      "version": "4.17.11",
      "resolved": "https://registry.npmjs.org/lodash-es/-/lodash-es-4.17.11.tgz",
      "integrity": "sha512-DHb1ub+rMjjrxqlB3H56/6MXtm1lSksDp2rA2cNWjG8mlDUYFhUj3Di2Zn5IwSU87xLv8tNIQ7sSwE/YOX/D/Q=="
    },
    "three": {
      "version": "0.103.0",
      "resolved": "https://registry.npmjs.org/three/-/three-0.103.0.tgz",
      "integrity": "sha512-4WKRHTMt96sp+lX+Hx/eHtN9CWFyejDqr1ikgxZUJIkKEHVglSE7FY8n81NC6yWXqVSjUIQQppaxsoUe26Zi9g=="
    },
    "vue-gl": {
      "version": "0.12.1",
      "resolved": "https://registry.npmjs.org/vue-gl/-/vue-gl-0.12.1.tgz",
      "integrity": "sha512-Id4u9C/WBDxKq2w3mAzLl7AopjmLV7BO/FZ6X36E8GgvqeRLEqBghhxdMd8WdZb4EJb/oLdJIag6CRm1iw8C1g==",
      "requires": {
        "three": "^0.103.0"
      }
    }
  }
}
